
Microsoft Visual Studio Solution File, Format Version 12.00
# Visual Studio Version 17
VisualStudioVersion = 17.13.35931.197 d17.13
MinimumVisualStudioVersion = 10.0.40219.1
Project("{FAE04EC0-301F-11D3-BF4B-00C04F79EFBC}") = "PRN212_HW_1", "PRN212_HW_1.csproj", "{B76EC1E0-25B0-4D81-A252-AC563DA02418}"
EndProject
Global
	GlobalSection(SolutionConfigurationPlatforms) = preSolution
		Debug|Any CPU = Debug|Any CPU
		Release|Any CPU = Release|Any CPU
	EndGlobalSection
	GlobalSection(ProjectConfigurationPlatforms) = postSolution
		{B76EC1E0-25B0-4D81-A252-AC563DA02418}.Debug|Any CPU.ActiveCfg = Debug|Any CPU
		{B76EC1E0-25B0-4D81-A252-AC563DA02418}.Debug|Any CPU.Build.0 = Debug|Any CPU
		{B76EC1E0-25B0-4D81-A252-AC563DA02418}.Release|Any CPU.ActiveCfg = Release|Any CPU
		{B76EC1E0-25B0-4D81-A252-AC563DA02418}.Release|Any CPU.Build.0 = Release|Any CPU
	EndGlobalSection
	GlobalSection(SolutionProperties) = preSolution
		HideSolutionNode = FALSE
	EndGlobalSection
	GlobalSection(ExtensibilityGlobals) = postSolution
		SolutionGuid = {C74B6ACF-0F3D-41C0-9808-34380154B923}
	EndGlobalSection
EndGlobal
